
Microsoft Visual Studio Solution File, Format Version 12.00
# Visual Studio 15
VisualStudioVersion = 15.0.28307.757
MinimumVisualStudioVersion = 10.0.40219.1
Project("{9A19103F-16F7-4668-BE54-9A1E7A4F7556}") = "Singleton", "Singleton\Singleton.csproj", "{55A3C9B8-168C-412E-9C7E-A6399220C394}"
EndProject
Project("{FAE04EC0-301F-11D3-BF4B-00C04F79EFBC}") = "Factory", "Factory\Factory.csproj", "{FEA21D5C-2F9C-4281-971A-C243CE4BBA1C}"
EndProject
Project("{FAE04EC0-301F-11D3-BF4B-00C04F79EFBC}") = "AbstractFactory", "AbstractFactory\AbstractFactory.csproj", "{46CFA180-C1AE-4CD5-ADC9-6AE152844965}"
EndProject
Global
	GlobalSection(SolutionConfigurationPlatforms) = preSolution
		Debug|Any CPU = Debug|Any CPU
		Release|Any CPU = Release|Any CPU
	EndGlobalSection
	GlobalSection(ProjectConfigurationPlatforms) = postSolution
		{55A3C9B8-168C-412E-9C7E-A6399220C394}.Debug|Any CPU.ActiveCfg = Debug|Any CPU
		{55A3C9B8-168C-412E-9C7E-A6399220C394}.Debug|Any CPU.Build.0 = Debug|Any CPU
		{55A3C9B8-168C-412E-9C7E-A6399220C394}.Release|Any CPU.ActiveCfg = Release|Any CPU
		{55A3C9B8-168C-412E-9C7E-A6399220C394}.Release|Any CPU.Build.0 = Release|Any CPU
		{FEA21D5C-2F9C-4281-971A-C243CE4BBA1C}.Debug|Any CPU.ActiveCfg = Debug|Any CPU
		{FEA21D5C-2F9C-4281-971A-C243CE4BBA1C}.Debug|Any CPU.Build.0 = Debug|Any CPU
		{FEA21D5C-2F9C-4281-971A-C243CE4BBA1C}.Release|Any CPU.ActiveCfg = Release|Any CPU
		{FEA21D5C-2F9C-4281-971A-C243CE4BBA1C}.Release|Any CPU.Build.0 = Release|Any CPU
		{46CFA180-C1AE-4CD5-ADC9-6AE152844965}.Debug|Any CPU.ActiveCfg = Debug|Any CPU
		{46CFA180-C1AE-4CD5-ADC9-6AE152844965}.Debug|Any CPU.Build.0 = Debug|Any CPU
		{46CFA180-C1AE-4CD5-ADC9-6AE152844965}.Release|Any CPU.ActiveCfg = Release|Any CPU
		{46CFA180-C1AE-4CD5-ADC9-6AE152844965}.Release|Any CPU.Build.0 = Release|Any CPU
	EndGlobalSection
	GlobalSection(SolutionProperties) = preSolution
		HideSolutionNode = FALSE
	EndGlobalSection
	GlobalSection(ExtensibilityGlobals) = postSolution
		SolutionGuid = {56547AA4-F101-43CF-B8A4-46FFDCA2DB0B}
	EndGlobalSection
EndGlobal
